
Microsoft Visual Studio Solution File, Format Version 12.00
# Visual Studio Version 16
VisualStudioVersion = 16.0.31205.134
MinimumVisualStudioVersion = 10.0.40219.1
Project("{9A19103F-16F7-4668-BE54-9A1E7A4F7556}") = "TravelCard.Domain", "TravelCard.Domain\TravelCard.Domain.csproj", "{63E07CCF-F596-4AF9-93F9-863A88AC1538}"
EndProject
Project("{9A19103F-16F7-4668-BE54-9A1E7A4F7556}") = "TravelCard.Domain.Tests", "TravelCard.Domain.Tests\TravelCard.Domain.Tests.csproj", "{D7F230F6-D1A7-430F-B3D0-EC7299B71AAB}"
EndProject
Project("{9A19103F-16F7-4668-BE54-9A1E7A4F7556}") = "TravelCard.Web", "TravelCard.Web\TravelCard.Web.csproj", "{2FF19A9C-38A8-4377-956C-3D4C5E318F12}"
EndProject
Project("{9A19103F-16F7-4668-BE54-9A1E7A4F7556}") = "TravelCard.Web.Tests", "TravelCard.Web.Tests\TravelCard.Web.Tests.csproj", "{B786478A-258A-4FE3-BE4E-28ED1A8BDE79}"
EndProject
Project("{FAE04EC0-301F-11D3-BF4B-00C04F79EFBC}") = "TravelCard.Specs", "TravelCard.Specs\TravelCard.Specs.csproj", "{3D09DBC1-F286-4DAB-8C38-83EBA2580606}"
EndProject
Global
	GlobalSection(SolutionConfigurationPlatforms) = preSolution
		Debug|Any CPU = Debug|Any CPU
		Release|Any CPU = Release|Any CPU
	EndGlobalSection
	GlobalSection(ProjectConfigurationPlatforms) = postSolution
		{63E07CCF-F596-4AF9-93F9-863A88AC1538}.Debug|Any CPU.ActiveCfg = Debug|Any CPU
		{63E07CCF-F596-4AF9-93F9-863A88AC1538}.Debug|Any CPU.Build.0 = Debug|Any CPU
		{63E07CCF-F596-4AF9-93F9-863A88AC1538}.Release|Any CPU.ActiveCfg = Release|Any CPU
		{63E07CCF-F596-4AF9-93F9-863A88AC1538}.Release|Any CPU.Build.0 = Release|Any CPU
		{D7F230F6-D1A7-430F-B3D0-EC7299B71AAB}.Debug|Any CPU.ActiveCfg = Debug|Any CPU
		{D7F230F6-D1A7-430F-B3D0-EC7299B71AAB}.Debug|Any CPU.Build.0 = Debug|Any CPU
		{D7F230F6-D1A7-430F-B3D0-EC7299B71AAB}.Release|Any CPU.ActiveCfg = Release|Any CPU
		{D7F230F6-D1A7-430F-B3D0-EC7299B71AAB}.Release|Any CPU.Build.0 = Release|Any CPU
		{2FF19A9C-38A8-4377-956C-3D4C5E318F12}.Debug|Any CPU.ActiveCfg = Debug|Any CPU
		{2FF19A9C-38A8-4377-956C-3D4C5E318F12}.Debug|Any CPU.Build.0 = Debug|Any CPU
		{2FF19A9C-38A8-4377-956C-3D4C5E318F12}.Release|Any CPU.ActiveCfg = Release|Any CPU
		{2FF19A9C-38A8-4377-956C-3D4C5E318F12}.Release|Any CPU.Build.0 = Release|Any CPU
		{B786478A-258A-4FE3-BE4E-28ED1A8BDE79}.Debug|Any CPU.ActiveCfg = Debug|Any CPU
		{B786478A-258A-4FE3-BE4E-28ED1A8BDE79}.Debug|Any CPU.Build.0 = Debug|Any CPU
		{B786478A-258A-4FE3-BE4E-28ED1A8BDE79}.Release|Any CPU.ActiveCfg = Release|Any CPU
		{B786478A-258A-4FE3-BE4E-28ED1A8BDE79}.Release|Any CPU.Build.0 = Release|Any CPU
		{3D09DBC1-F286-4DAB-8C38-83EBA2580606}.Debug|Any CPU.ActiveCfg = Debug|Any CPU
		{3D09DBC1-F286-4DAB-8C38-83EBA2580606}.Debug|Any CPU.Build.0 = Debug|Any CPU
		{3D09DBC1-F286-4DAB-8C38-83EBA2580606}.Release|Any CPU.ActiveCfg = Release|Any CPU
		{3D09DBC1-F286-4DAB-8C38-83EBA2580606}.Release|Any CPU.Build.0 = Release|Any CPU
	EndGlobalSection
	GlobalSection(SolutionProperties) = preSolution
		HideSolutionNode = FALSE
	EndGlobalSection
	GlobalSection(ExtensibilityGlobals) = postSolution
		SolutionGuid = {494E039A-DC0F-40B3-827C-09520A2C1A25}
	EndGlobalSection
EndGlobal
